
Microsoft Visual Studio Solution File, Format Version 12.00
# Visual Studio Version 17
VisualStudioVersion = 17.1.32210.238
MinimumVisualStudioVersion = 10.0.40219.1
Project("{9A19103F-16F7-4668-BE54-9A1E7A4F7556}") = "ContactTracing_API", "ContactTracing_API\ContactTracing_API.csproj", "{07CC82E4-BCCE-4778-85FB-DD6572EACF73}"
EndProject
Project("{FAE04EC0-301F-11D3-BF4B-00C04F79EFBC}") = "ContactTracing_API.Data", "ContactTracing_API.Data\ContactTracing_API.Data.csproj", "{25FE8C1E-9C82-4318-BE3A-35B3F8F49C28}"
EndProject
Global
	GlobalSection(SolutionConfigurationPlatforms) = preSolution
		Debug|Any CPU = Debug|Any CPU
		Release|Any CPU = Release|Any CPU
	EndGlobalSection
	GlobalSection(ProjectConfigurationPlatforms) = postSolution
		{07CC82E4-BCCE-4778-85FB-DD6572EACF73}.Debug|Any CPU.ActiveCfg = Debug|Any CPU
		{07CC82E4-BCCE-4778-85FB-DD6572EACF73}.Debug|Any CPU.Build.0 = Debug|Any CPU
		{07CC82E4-BCCE-4778-85FB-DD6572EACF73}.Release|Any CPU.ActiveCfg = Release|Any CPU
		{07CC82E4-BCCE-4778-85FB-DD6572EACF73}.Release|Any CPU.Build.0 = Release|Any CPU
		{25FE8C1E-9C82-4318-BE3A-35B3F8F49C28}.Debug|Any CPU.ActiveCfg = Debug|Any CPU
		{25FE8C1E-9C82-4318-BE3A-35B3F8F49C28}.Debug|Any CPU.Build.0 = Debug|Any CPU
		{25FE8C1E-9C82-4318-BE3A-35B3F8F49C28}.Release|Any CPU.ActiveCfg = Release|Any CPU
		{25FE8C1E-9C82-4318-BE3A-35B3F8F49C28}.Release|Any CPU.Build.0 = Release|Any CPU
	EndGlobalSection
	GlobalSection(SolutionProperties) = preSolution
		HideSolutionNode = FALSE
	EndGlobalSection
	GlobalSection(ExtensibilityGlobals) = postSolution
		SolutionGuid = {615BFDB2-5CBD-4B66-A0F4-A931940DE6FC}
	EndGlobalSection
EndGlobal
